
Microsoft Visual Studio Solution File, Format Version 12.00
# Visual Studio Version 17
VisualStudioVersion = 17.3.32922.545
MinimumVisualStudioVersion = 10.0.40219.1
Project("{FAE04EC0-301F-11D3-BF4B-00C04F79EFBC}") = "Week7UnitTests", "Week7UnitTests.csproj", "{FA087556-7888-4F7C-AE70-077F21746617}"
EndProject
Project("{FAE04EC0-301F-11D3-BF4B-00C04F79EFBC}") = "TestProject1", "..\TestProject1\TestProject1.csproj", "{40CAD87A-1151-48D8-B668-0BF2DA11C053}"
EndProject
Global
	GlobalSection(SolutionConfigurationPlatforms) = preSolution
		Debug|Any CPU = Debug|Any CPU
		Release|Any CPU = Release|Any CPU
	EndGlobalSection
	GlobalSection(ProjectConfigurationPlatforms) = postSolution
		{FA087556-7888-4F7C-AE70-077F21746617}.Debug|Any CPU.ActiveCfg = Debug|Any CPU
		{FA087556-7888-4F7C-AE70-077F21746617}.Debug|Any CPU.Build.0 = Debug|Any CPU
		{FA087556-7888-4F7C-AE70-077F21746617}.Release|Any CPU.ActiveCfg = Release|Any CPU
		{FA087556-7888-4F7C-AE70-077F21746617}.Release|Any CPU.Build.0 = Release|Any CPU
		{40CAD87A-1151-48D8-B668-0BF2DA11C053}.Debug|Any CPU.ActiveCfg = Debug|Any CPU
		{40CAD87A-1151-48D8-B668-0BF2DA11C053}.Debug|Any CPU.Build.0 = Debug|Any CPU
		{40CAD87A-1151-48D8-B668-0BF2DA11C053}.Release|Any CPU.ActiveCfg = Release|Any CPU
		{40CAD87A-1151-48D8-B668-0BF2DA11C053}.Release|Any CPU.Build.0 = Release|Any CPU
	EndGlobalSection
	GlobalSection(SolutionProperties) = preSolution
		HideSolutionNode = FALSE
	EndGlobalSection
	GlobalSection(ExtensibilityGlobals) = postSolution
		SolutionGuid = {51CE5626-56F4-4F6B-B7AE-7555333CBCA2}
	EndGlobalSection
EndGlobal
