
Microsoft Visual Studio Solution File, Format Version 12.00
# Visual Studio Version 17
VisualStudioVersion = 17.5.33530.505
MinimumVisualStudioVersion = 10.0.40219.1
Project("{FAE04EC0-301F-11D3-BF4B-00C04F79EFBC}") = "InClassAlgorithms", "InClassAlgorithms.csproj", "{F16875E2-C1D4-40F5-B4B3-5BDBBFB2D4BC}"
EndProject
Global
	GlobalSection(SolutionConfigurationPlatforms) = preSolution
		Debug|Any CPU = Debug|Any CPU
		Release|Any CPU = Release|Any CPU
	EndGlobalSection
	GlobalSection(ProjectConfigurationPlatforms) = postSolution
		{F16875E2-C1D4-40F5-B4B3-5BDBBFB2D4BC}.Debug|Any CPU.ActiveCfg = Debug|Any CPU
		{F16875E2-C1D4-40F5-B4B3-5BDBBFB2D4BC}.Debug|Any CPU.Build.0 = Debug|Any CPU
		{F16875E2-C1D4-40F5-B4B3-5BDBBFB2D4BC}.Release|Any CPU.ActiveCfg = Release|Any CPU
		{F16875E2-C1D4-40F5-B4B3-5BDBBFB2D4BC}.Release|Any CPU.Build.0 = Release|Any CPU
	EndGlobalSection
	GlobalSection(SolutionProperties) = preSolution
		HideSolutionNode = FALSE
	EndGlobalSection
	GlobalSection(ExtensibilityGlobals) = postSolution
		SolutionGuid = {B175D222-630C-47EB-B555-4F8563C1D50C}
	EndGlobalSection
EndGlobal
